
Microsoft Visual Studio Solution File, Format Version 12.00
# Visual Studio 15
VisualStudioVersion = 15.0.28010.2046
MinimumVisualStudioVersion = 10.0.40219.1
Project("{FAE04EC0-301F-11D3-BF4B-00C04F79EFBC}") = "PluralSight_DependencyInjection_OnRamp", "PluralSight_DependencyInjection_OnRamp\PluralSight_DependencyInjection_OnRamp.csproj", "{4A03660F-F04A-425F-8DD5-43DDC4392A6A}"
EndProject
Global
	GlobalSection(SolutionConfigurationPlatforms) = preSolution
		Debug|Any CPU = Debug|Any CPU
		Release|Any CPU = Release|Any CPU
	EndGlobalSection
	GlobalSection(ProjectConfigurationPlatforms) = postSolution
		{4A03660F-F04A-425F-8DD5-43DDC4392A6A}.Debug|Any CPU.ActiveCfg = Debug|Any CPU
		{4A03660F-F04A-425F-8DD5-43DDC4392A6A}.Debug|Any CPU.Build.0 = Debug|Any CPU
		{4A03660F-F04A-425F-8DD5-43DDC4392A6A}.Release|Any CPU.ActiveCfg = Release|Any CPU
		{4A03660F-F04A-425F-8DD5-43DDC4392A6A}.Release|Any CPU.Build.0 = Release|Any CPU
	EndGlobalSection
	GlobalSection(SolutionProperties) = preSolution
		HideSolutionNode = FALSE
	EndGlobalSection
	GlobalSection(ExtensibilityGlobals) = postSolution
		SolutionGuid = {8A9D8C4B-1A94-4F0F-BA7F-F1E50034EFA8}
	EndGlobalSection
EndGlobal
